
Microsoft Visual Studio Solution File, Format Version 11.00
# Visual Studio 2010
Project("{8BC9CEB8-8B4A-11D0-8D11-00A0C91BC942}") = "CIS565_PROJ_1_PART_2", "CIS565_PROJ_1_PART_2\CIS565_PROJ_1_PART_2.vcxproj", "{6FDBA8F4-D5DC-4C72-AC1F-79386F052505}"
EndProject
Global
	GlobalSection(SolutionConfigurationPlatforms) = preSolution
		Debug|Win32 = Debug|Win32
		Release|Win32 = Release|Win32
	EndGlobalSection
	GlobalSection(ProjectConfigurationPlatforms) = postSolution
		{6FDBA8F4-D5DC-4C72-AC1F-79386F052505}.Debug|Win32.ActiveCfg = Debug|Win32
		{6FDBA8F4-D5DC-4C72-AC1F-79386F052505}.Debug|Win32.Build.0 = Debug|Win32
		{6FDBA8F4-D5DC-4C72-AC1F-79386F052505}.Release|Win32.ActiveCfg = Release|Win32
		{6FDBA8F4-D5DC-4C72-AC1F-79386F052505}.Release|Win32.Build.0 = Release|Win32
	EndGlobalSection
	GlobalSection(SolutionProperties) = preSolution
		HideSolutionNode = FALSE
	EndGlobalSection
EndGlobal
