
Microsoft Visual Studio Solution File, Format Version 11.00
# Visual Studio 2010
Project("{8BC9CEB8-8B4A-11D0-8D11-00A0C91BC942}") = "matrix", "matrix\matrix.vcxproj", "{6D40842A-A7DB-4254-9652-8C9A21F55B4F}"
EndProject
Global
	GlobalSection(SolutionConfigurationPlatforms) = preSolution
		Debug|Win32 = Debug|Win32
		Release|Win32 = Release|Win32
	EndGlobalSection
	GlobalSection(ProjectConfigurationPlatforms) = postSolution
		{6D40842A-A7DB-4254-9652-8C9A21F55B4F}.Debug|Win32.ActiveCfg = Debug|Win32
		{6D40842A-A7DB-4254-9652-8C9A21F55B4F}.Debug|Win32.Build.0 = Debug|Win32
		{6D40842A-A7DB-4254-9652-8C9A21F55B4F}.Release|Win32.ActiveCfg = Release|Win32
		{6D40842A-A7DB-4254-9652-8C9A21F55B4F}.Release|Win32.Build.0 = Release|Win32
	EndGlobalSection
	GlobalSection(SolutionProperties) = preSolution
		HideSolutionNode = FALSE
	EndGlobalSection
EndGlobal
